
Microsoft Visual Studio Solution File, Format Version 12.00
# Visual Studio Version 17
VisualStudioVersion = 17.11.35219.272
MinimumVisualStudioVersion = 10.0.40219.1
Project("{FAE04EC0-301F-11D3-BF4B-00C04F79EFBC}") = "WpfApp1", "WpfApp1.csproj", "{65E12D6F-E920-4943-BA90-DBAC51BAF265}"
EndProject
Global
	GlobalSection(SolutionConfigurationPlatforms) = preSolution
		Debug|Any CPU = Debug|Any CPU
		Release|Any CPU = Release|Any CPU
	EndGlobalSection
	GlobalSection(ProjectConfigurationPlatforms) = postSolution
		{65E12D6F-E920-4943-BA90-DBAC51BAF265}.Debug|Any CPU.ActiveCfg = Debug|Any CPU
		{65E12D6F-E920-4943-BA90-DBAC51BAF265}.Debug|Any CPU.Build.0 = Debug|Any CPU
		{65E12D6F-E920-4943-BA90-DBAC51BAF265}.Release|Any CPU.ActiveCfg = Release|Any CPU
		{65E12D6F-E920-4943-BA90-DBAC51BAF265}.Release|Any CPU.Build.0 = Release|Any CPU
	EndGlobalSection
	GlobalSection(SolutionProperties) = preSolution
		HideSolutionNode = FALSE
	EndGlobalSection
	GlobalSection(ExtensibilityGlobals) = postSolution
		SolutionGuid = {3D42D092-D09B-4422-85C5-CE0671CBC77B}
	EndGlobalSection
EndGlobal
